<?xml version="1.0" encoding="utf-8"?>
<Project ToolsVersion="4.0" xmlns="http://schemas.microsoft.com/developer/msbuild/2003">
  <ItemGroup>
    <Filter Include="src">
      <UniqueIdentifier>{4FC737F1-C7A5-4376-A066-2A32D752A2FF}</UniqueIdentifier>
      <Extensions>cpp;c;cc;cxx;def;odl;idl;hpj;bat;asm;asmx</Extensions>
    </Filter>
    <Filter Include="include">
      <UniqueIdentifier>{93995380-89BD-4b04-88EB-625FBE52EBFB}</UniqueIdentifier>
      <Extensions>h;hh;hpp;hxx;hm;inl;inc;xsd</Extensions>
    </Filter>
    <Filter Include="include\d3d">
      <UniqueIdentifier>{32ad73cd-e900-4810-ae12-31b65fc33fb8}</UniqueIdentifier>
    </Filter>
    <Filter Include="src\d3d">
      <UniqueIdentifier>{06d4fcb4-5ee1-4649-97fa-82b4b10e9dbd}</UniqueIdentifier>
    </Filter>
    <Filter Include="src\components">
      <UniqueIdentifier>{f0e7bd9f-508c-4f1e-bb3b-e0fbe3c24bdf}</UniqueIdentifier>
    </Filter>
    <Filter Include="include\components">
      <UniqueIdentifier>{34930e0f-7003-457b-90f6-1800021b99fa}</UniqueIdentifier>
    </Filter>
    <Filter Include="include\systems">
      <UniqueIdentifier>{6f4cac0e-aecd-4b3e-afcd-c05c594b7024}</UniqueIdentifier>
    </Filter>
    <Filter Include="src\systems">
      <UniqueIdentifier>{fefecb36-7868-4f95-acd2-473237095d0c}</UniqueIdentifier>
    </Filter>
  </ItemGroup>
  <ItemGroup>
    <ClInclude Include="include\application.h">
      <Filter>include</Filter>
    </ClInclude>
    <ClInclude Include="include\engine_context.h">
      <Filter>include</Filter>
    </ClInclude>
    <ClInclude Include="include\math_utils.h">
      <Filter>include</Filter>
    </ClInclude>
    <ClInclude Include="include\mesh_utils.h">
      <Filter>include</Filter>
    </ClInclude>
    <ClInclude Include="include\message.h">
      <Filter>include</Filter>
    </ClInclude>
    <ClInclude Include="include\observer.h">
      <Filter>include</Filter>
    </ClInclude>
    <ClInclude Include="include\observer_subject.h">
      <Filter>include</Filter>
    </ClInclude>
    <ClInclude Include="include\resource.h">
      <Filter>include</Filter>
    </ClInclude>
    <ClInclude Include="include\resource_manager.h">
      <Filter>include</Filter>
    </ClInclude>
    <ClInclude Include="include\scene_manager.h">
      <Filter>include</Filter>
    </ClInclude>
    <ClInclude Include="include\shader_program_manager.h">
      <Filter>include</Filter>
    </ClInclude>
    <ClInclude Include="include\timer.h">
      <Filter>include</Filter>
    </ClInclude>
    <ClInclude Include="include\types.h">
      <Filter>include</Filter>
    </ClInclude>
    <ClInclude Include="include\shader_program.h">
      <Filter>include</Filter>
    </ClInclude>
    <ClInclude Include="include\shader.h">
      <Filter>include</Filter>
    </ClInclude>
    <ClInclude Include="include\entity.h">
      <Filter>include</Filter>
    </ClInclude>
    <ClInclude Include="include\GAPI_context.h">
      <Filter>include</Filter>
    </ClInclude>
    <ClInclude Include="include\IBO.h">
      <Filter>include</Filter>
    </ClInclude>
    <ClInclude Include="include\material.h">
      <Filter>include</Filter>
    </ClInclude>
    <ClInclude Include="include\mesh.h">
      <Filter>include</Filter>
    </ClInclude>
    <ClInclude Include="include\VBO.h">
      <Filter>include</Filter>
    </ClInclude>
    <ClInclude Include="include\vertex.h">
      <Filter>include</Filter>
    </ClInclude>
    <ClInclude Include="include\d3d\D3D11_blend_state.h">
      <Filter>include\d3d</Filter>
    </ClInclude>
    <ClInclude Include="include\d3d\D3D11_context.h">
      <Filter>include\d3d</Filter>
    </ClInclude>
    <ClInclude Include="include\d3d\D3D11_depth_stencil_state.h">
      <Filter>include\d3d</Filter>
    </ClInclude>
    <ClInclude Include="include\d3d\D3D11_IBO.h">
      <Filter>include\d3d</Filter>
    </ClInclude>
    <ClInclude Include="include\d3d\D3D11_rasterizer_state.h">
      <Filter>include\d3d</Filter>
    </ClInclude>
    <ClInclude Include="include\d3d\D3D11_render_target.h">
      <Filter>include\d3d</Filter>
    </ClInclude>
    <ClInclude Include="include\d3d\D3D11_shader.h">
      <Filter>include\d3d</Filter>
    </ClInclude>
    <ClInclude Include="include\d3d\D3D11_shader_program.h">
      <Filter>include\d3d</Filter>
    </ClInclude>
    <ClInclude Include="include\d3d\D3D11_VBO.h">
      <Filter>include\d3d</Filter>
    </ClInclude>
    <ClInclude Include="include\texture.h">
      <Filter>include</Filter>
    </ClInclude>
    <ClInclude Include="include\render_state.h">
      <Filter>include</Filter>
    </ClInclude>
    <ClInclude Include="include\render_state_manager.h">
      <Filter>include</Filter>
    </ClInclude>
    <ClInclude Include="include\render_target.h">
      <Filter>include</Filter>
    </ClInclude>
    <ClInclude Include="include\scene.h">
      <Filter>include</Filter>
    </ClInclude>
    <ClInclude Include="include\d3d\D3D11_texture.h">
      <Filter>include\d3d</Filter>
    </ClInclude>
    <ClInclude Include="include\component.h">
      <Filter>include\components</Filter>
    </ClInclude>
    <ClInclude Include="include\system.h">
      <Filter>include\systems</Filter>
    </ClInclude>
  </ItemGroup>
  <ItemGroup>
    <ClCompile Include="src\GAPI_context.cpp">
      <Filter>src</Filter>
    </ClCompile>
    <ClCompile Include="src\IBO.cpp">
      <Filter>src</Filter>
    </ClCompile>
    <ClCompile Include="src\material.cpp">
      <Filter>src</Filter>
    </ClCompile>
    <ClCompile Include="src\mesh.cpp">
      <Filter>src</Filter>
    </ClCompile>
    <ClCompile Include="src\render_state.cpp">
      <Filter>src</Filter>
    </ClCompile>
    <ClCompile Include="src\render_state_manager.cpp">
      <Filter>src</Filter>
    </ClCompile>
    <ClCompile Include="src\render_target.cpp">
      <Filter>src</Filter>
    </ClCompile>
    <ClCompile Include="src\shader_program.cpp">
      <Filter>src</Filter>
    </ClCompile>
    <ClCompile Include="src\VBO.cpp">
      <Filter>src</Filter>
    </ClCompile>
    <ClCompile Include="src\application.cpp">
      <Filter>src</Filter>
    </ClCompile>
    <ClCompile Include="src\engine_context.cpp">
      <Filter>src</Filter>
    </ClCompile>
    <ClCompile Include="src\mesh_utils.cpp">
      <Filter>src</Filter>
    </ClCompile>
    <ClCompile Include="src\message.cpp">
      <Filter>src</Filter>
    </ClCompile>
    <ClCompile Include="src\observer.cpp">
      <Filter>src</Filter>
    </ClCompile>
    <ClCompile Include="src\resource.cpp">
      <Filter>src</Filter>
    </ClCompile>
    <ClCompile Include="src\resource_manager.cpp">
      <Filter>src</Filter>
    </ClCompile>
    <ClCompile Include="src\scene.cpp">
      <Filter>src</Filter>
    </ClCompile>
    <ClCompile Include="src\scene_manager.cpp">
      <Filter>src</Filter>
    </ClCompile>
    <ClCompile Include="src\shader_program_manager.cpp">
      <Filter>src</Filter>
    </ClCompile>
    <ClCompile Include="src\d3d\D3D11_blend_state.cpp">
      <Filter>src\d3d</Filter>
    </ClCompile>
    <ClCompile Include="src\d3d\D3D11_context.cpp">
      <Filter>src\d3d</Filter>
    </ClCompile>
    <ClCompile Include="src\d3d\D3D11_depth_stencil_state.cpp">
      <Filter>src\d3d</Filter>
    </ClCompile>
    <ClCompile Include="src\d3d\D3D11_IBO.cpp">
      <Filter>src\d3d</Filter>
    </ClCompile>
    <ClCompile Include="src\d3d\D3D11_rasterizer_state.cpp">
      <Filter>src\d3d</Filter>
    </ClCompile>
    <ClCompile Include="src\d3d\D3D11_render_target.cpp">
      <Filter>src\d3d</Filter>
    </ClCompile>
    <ClCompile Include="src\d3d\D3D11_shader.cpp">
      <Filter>src\d3d</Filter>
    </ClCompile>
    <ClCompile Include="src\d3d\D3D11_shader_program.cpp">
      <Filter>src\d3d</Filter>
    </ClCompile>
    <ClCompile Include="src\d3d\D3D11_texture.cpp">
      <Filter>src\d3d</Filter>
    </ClCompile>
    <ClCompile Include="src\d3d\D3D11_VBO.cpp">
      <Filter>src\d3d</Filter>
    </ClCompile>
    <ClCompile Include="src\component.cpp">
      <Filter>src\components</Filter>
    </ClCompile>
    <ClCompile Include="src\entity.cpp">
      <Filter>src</Filter>
    </ClCompile>
    <ClCompile Include="src\system.cpp">
      <Filter>src\systems</Filter>
    </ClCompile>
    <ClCompile Include="src\observer_subject.cpp">
      <Filter>src</Filter>
    </ClCompile>
  </ItemGroup>
</Project>