<?xml version="1.0" encoding="utf-8"?>
<Project ToolsVersion="4.0" xmlns="http://schemas.microsoft.com/developer/msbuild/2003">
  <ItemGroup>
    <Filter Include="src">
      <UniqueIdentifier>{4FC737F1-C7A5-4376-A066-2A32D752A2FF}</UniqueIdentifier>
      <Extensions>cpp;c;cc;cxx;def;odl;idl;hpj;bat;asm;asmx</Extensions>
    </Filter>
    <Filter Include="include">
      <UniqueIdentifier>{93995380-89BD-4b04-88EB-625FBE52EBFB}</UniqueIdentifier>
      <Extensions>h;hh;hpp;hxx;hm;inl;inc;xsd</Extensions>
    </Filter>
    <Filter Include="sdr">
      <UniqueIdentifier>{df6fd9ce-34a6-449c-97b4-e91a998d9ca1}</UniqueIdentifier>
    </Filter>
    <Filter Include="include\networking">
      <UniqueIdentifier>{93abd6af-e2b6-46c7-b9e0-46849a551e15}</UniqueIdentifier>
    </Filter>
    <Filter Include="include\networking\messages">
      <UniqueIdentifier>{12f3586e-9b49-4a05-9ea0-4baeffae7f1f}</UniqueIdentifier>
    </Filter>
    <Filter Include="src\networking">
      <UniqueIdentifier>{a5469403-ceb5-4b0e-aa4d-d1900e133977}</UniqueIdentifier>
    </Filter>
    <Filter Include="src\networking\messages">
      <UniqueIdentifier>{a4390d5c-5312-497f-b0ad-a82c10e06359}</UniqueIdentifier>
    </Filter>
    <Filter Include="configuration">
      <UniqueIdentifier>{057c6c7e-03b2-4a50-b0b6-a2d889f9af6b}</UniqueIdentifier>
    </Filter>
    <Filter Include="include\utilities">
      <UniqueIdentifier>{4232ce7f-ac9a-4c2f-abc9-f5fd66d5bdc0}</UniqueIdentifier>
    </Filter>
    <Filter Include="src\utilities">
      <UniqueIdentifier>{59137cd1-cff6-4b76-810c-dd2397cf7ebb}</UniqueIdentifier>
    </Filter>
    <Filter Include="include\commands">
      <UniqueIdentifier>{617f7fa8-6ac1-4f53-9a23-7032cfe71810}</UniqueIdentifier>
    </Filter>
    <Filter Include="include\components">
      <UniqueIdentifier>{ff224baa-ae6b-4b69-a09b-e52ab2e8bd28}</UniqueIdentifier>
    </Filter>
    <Filter Include="include\components\input">
      <UniqueIdentifier>{61ef3fcf-3c40-4a91-9b70-aa906196fd61}</UniqueIdentifier>
    </Filter>
    <Filter Include="src\components">
      <UniqueIdentifier>{b0d347a6-ed46-49ad-87d4-e7c1a4cb9a75}</UniqueIdentifier>
    </Filter>
    <Filter Include="src\components\input">
      <UniqueIdentifier>{696e6d1a-34b0-4469-955a-03a08d569ec8}</UniqueIdentifier>
    </Filter>
    <Filter Include="include\entities">
      <UniqueIdentifier>{050c7bd1-55ee-456c-9f53-562c278841cc}</UniqueIdentifier>
    </Filter>
    <Filter Include="src\entities">
      <UniqueIdentifier>{2af32505-cb38-472f-91ce-3c5147050033}</UniqueIdentifier>
    </Filter>
  </ItemGroup>
  <ItemGroup>
    <ClCompile Include="src\main.cpp">
      <Filter>src</Filter>
    </ClCompile>
    <ClCompile Include="src\battle_arena_application.cpp">
      <Filter>src</Filter>
    </ClCompile>
    <ClCompile Include="src\game_scene.cpp">
      <Filter>src</Filter>
    </ClCompile>
    <ClCompile Include="src\game_scene_color_pass.cpp">
      <Filter>src</Filter>
    </ClCompile>
    <ClCompile Include="src\test_message.cpp">
      <Filter>src\networking\messages</Filter>
    </ClCompile>
    <ClCompile Include="src\multiplayer.cpp">
      <Filter>src\networking</Filter>
    </ClCompile>
    <ClCompile Include="src\assimp_utils.cpp">
      <Filter>src\utilities</Filter>
    </ClCompile>
    <ClCompile Include="src\player_joypad_component.cpp">
      <Filter>src\components\input</Filter>
    </ClCompile>
    <ClCompile Include="src\cannon_weapon_component.cpp">
      <Filter>src\components</Filter>
    </ClCompile>
    <ClCompile Include="src\other_weapon_component.cpp">
      <Filter>src\components</Filter>
    </ClCompile>
    <ClCompile Include="src\weapon_component.cpp">
      <Filter>src\components</Filter>
    </ClCompile>
    <ClCompile Include="src\bullet.cpp">
      <Filter>src\entities</Filter>
    </ClCompile>
    <ClCompile Include="src\test_behaviour.cpp">
      <Filter>src\components</Filter>
    </ClCompile>
    <ClCompile Include="src\player.cpp">
      <Filter>src\entities</Filter>
    </ClCompile>
    <ClCompile Include="src\game_scene_color_pass_ovr.cpp">
      <Filter>src</Filter>
    </ClCompile>
    <ClCompile Include="src\test_commands_battle_arena.cpp">
      <Filter>src</Filter>
    </ClCompile>
    <ClCompile Include="src\test_joypad_component.cpp">
      <Filter>src\components</Filter>
    </ClCompile>
    <ClCompile Include="src\player_keyboard_component.cpp">
      <Filter>src\components</Filter>
    </ClCompile>
    <ClCompile Include="src\player_behaviour.cpp">
      <Filter>src\components</Filter>
    </ClCompile>
  </ItemGroup>
  <ItemGroup>
    <ClInclude Include="include\battle_arena_application.h">
      <Filter>include</Filter>
    </ClInclude>
    <ClInclude Include="include\game_scene.h">
      <Filter>include</Filter>
    </ClInclude>
    <ClInclude Include="include\game_scene_color_pass.h">
      <Filter>include</Filter>
    </ClInclude>
    <ClInclude Include="include\test_message.h">
      <Filter>include\networking\messages</Filter>
    </ClInclude>
    <ClInclude Include="include\network_message_types.h">
      <Filter>include\networking</Filter>
    </ClInclude>
    <ClInclude Include="include\multiplayer.h">
      <Filter>include\networking</Filter>
    </ClInclude>
    <ClInclude Include="include\assimp_utils.h">
      <Filter>include\utilities</Filter>
    </ClInclude>
    <ClInclude Include="include\player_joypad_component.h">
      <Filter>include\components\input</Filter>
    </ClInclude>
    <ClInclude Include="include\weapon_component.h">
      <Filter>include\components</Filter>
    </ClInclude>
    <ClInclude Include="include\other_weapon_component.h">
      <Filter>include\components</Filter>
    </ClInclude>
    <ClInclude Include="include\cannon_weapon_component.h">
      <Filter>include\components</Filter>
    </ClInclude>
    <ClInclude Include="include\bullet.h">
      <Filter>include\entities</Filter>
    </ClInclude>
    <ClInclude Include="include\test_behaviour.h">
      <Filter>include\components</Filter>
    </ClInclude>
    <ClInclude Include="include\player.h">
      <Filter>include\entities</Filter>
    </ClInclude>
    <ClInclude Include="include\game_scene_color_pass_ovr.h">
      <Filter>include</Filter>
    </ClInclude>
    <ClInclude Include="include\uniform_buffers.h">
      <Filter>include</Filter>
    </ClInclude>
    <ClInclude Include="include\test_joypad_component.h">
      <Filter>include\components</Filter>
    </ClInclude>
    <ClInclude Include="include\test_commands_battle_arena.h">
      <Filter>include\commands</Filter>
    </ClInclude>
    <ClInclude Include="include\player_commands.h">
      <Filter>include\commands</Filter>
    </ClInclude>
    <ClInclude Include="include\player_keyboard_component.h">
      <Filter>include\components</Filter>
    </ClInclude>
    <ClInclude Include="include\player_behaviour.h">
      <Filter>include\components</Filter>
    </ClInclude>
  </ItemGroup>
  <ItemGroup>
    <None Include="sdr\render_texture.ps.hlsl">
      <Filter>sdr</Filter>
    </None>
    <None Include="sdr\render_texture.vs.hlsl">
      <Filter>sdr</Filter>
    </None>
    <None Include="sdr\default.ps.hlsl">
      <Filter>sdr</Filter>
    </None>
    <None Include="sdr\light_utils.hlsl">
      <Filter>sdr</Filter>
    </None>
    <None Include="sdr\default.vs.hlsl">
      <Filter>sdr</Filter>
    </None>
    <None Include="config\test.cfg">
      <Filter>configuration</Filter>
    </None>
    <None Include="config\arcane_fountain.cfg">
      <Filter>configuration</Filter>
    </None>
    <None Include="sdr\particles.ps.hlsl">
      <Filter>sdr</Filter>
    </None>
    <None Include="sdr\particles.vs.hlsl">
      <Filter>sdr</Filter>
    </None>
    <None Include="config\engine_fire.cfg">
      <Filter>configuration</Filter>
    </None>
  </ItemGroup>
</Project>