<?xml version="1.0" encoding="utf-8"?>
<Project ToolsVersion="4.0" xmlns="http://schemas.microsoft.com/developer/msbuild/2003">
  <ItemGroup>
    <Filter Include="src">
      <UniqueIdentifier>{4FC737F1-C7A5-4376-A066-2A32D752A2FF}</UniqueIdentifier>
      <Extensions>cpp;c;cc;cxx;def;odl;idl;hpj;bat;asm;asmx</Extensions>
    </Filter>
    <Filter Include="include">
      <UniqueIdentifier>{93995380-89BD-4b04-88EB-625FBE52EBFB}</UniqueIdentifier>
      <Extensions>h;hh;hpp;hxx;hm;inl;inc;xsd</Extensions>
    </Filter>
    <Filter Include="sdr">
      <UniqueIdentifier>{df6fd9ce-34a6-449c-97b4-e91a998d9ca1}</UniqueIdentifier>
    </Filter>
    <Filter Include="include\networking">
      <UniqueIdentifier>{93abd6af-e2b6-46c7-b9e0-46849a551e15}</UniqueIdentifier>
    </Filter>
    <Filter Include="include\networking\messages">
      <UniqueIdentifier>{12f3586e-9b49-4a05-9ea0-4baeffae7f1f}</UniqueIdentifier>
    </Filter>
    <Filter Include="src\networking">
      <UniqueIdentifier>{a5469403-ceb5-4b0e-aa4d-d1900e133977}</UniqueIdentifier>
    </Filter>
    <Filter Include="src\networking\messages">
      <UniqueIdentifier>{a4390d5c-5312-497f-b0ad-a82c10e06359}</UniqueIdentifier>
    </Filter>
    <Filter Include="configuration">
      <UniqueIdentifier>{057c6c7e-03b2-4a50-b0b6-a2d889f9af6b}</UniqueIdentifier>
    </Filter>
  </ItemGroup>
  <ItemGroup>
    <ClCompile Include="src\main.cpp">
      <Filter>src</Filter>
    </ClCompile>
    <ClCompile Include="src\battle_arena_application.cpp">
      <Filter>src</Filter>
    </ClCompile>
    <ClCompile Include="src\game_scene.cpp">
      <Filter>src</Filter>
    </ClCompile>
    <ClCompile Include="src\game_scene_color_pass.cpp">
      <Filter>src</Filter>
    </ClCompile>
    <ClCompile Include="src\test_message.cpp">
      <Filter>src\networking\messages</Filter>
    </ClCompile>
    <ClCompile Include="src\multiplayer.cpp">
      <Filter>src\networking</Filter>
    </ClCompile>
  </ItemGroup>
  <ItemGroup>
    <ClInclude Include="include\battle_arena_application.h">
      <Filter>include</Filter>
    </ClInclude>
    <ClInclude Include="include\game_scene.h">
      <Filter>include</Filter>
    </ClInclude>
    <ClInclude Include="include\game_scene_color_pass.h">
      <Filter>include</Filter>
    </ClInclude>
    <ClInclude Include="include\test_message.h">
      <Filter>include\networking\messages</Filter>
    </ClInclude>
    <ClInclude Include="include\network_message_types.h">
      <Filter>include\networking</Filter>
    </ClInclude>
    <ClInclude Include="include\multiplayer.h">
      <Filter>include\networking</Filter>
    </ClInclude>
  </ItemGroup>
  <ItemGroup>
    <None Include="sdr\render_texture.ps.hlsl">
      <Filter>sdr</Filter>
    </None>
    <None Include="sdr\render_texture.vs.hlsl">
      <Filter>sdr</Filter>
    </None>
    <None Include="sdr\default.ps.hlsl">
      <Filter>sdr</Filter>
    </None>
    <None Include="sdr\light_utils.hlsl">
      <Filter>sdr</Filter>
    </None>
    <None Include="sdr\default.vs.hlsl">
      <Filter>sdr</Filter>
    </None>
    <None Include="config\test.cfg">
      <Filter>configuration</Filter>
    </None>
    <None Include="sdr\particles.ps.hlsl" />
    <None Include="sdr\particles.vs.hlsl" />
  </ItemGroup>
</Project>